
Microsoft Visual Studio Solution File, Format Version 12.00
# Visual Studio Express 2013 for Web
VisualStudioVersion = 12.0.21005.1
MinimumVisualStudioVersion = 10.0.40219.1
Project("{CC5FD16D-436D-48AD-A40C-5A424C6E3E79}") = "ObjectClassifier", "ObjectClassifier\ObjectClassifier.ccproj", "{9E5BD81C-102E-4F2E-B83A-457076F6F5DD}"
EndProject
Project("{FAE04EC0-301F-11D3-BF4B-00C04F79EFBC}") = "WebRole", "WebRole\WebRole.csproj", "{4DAB4949-37A2-4334-9034-432AC79CC53C}"
EndProject
Project("{FAE04EC0-301F-11D3-BF4B-00C04F79EFBC}") = "Classifier", "Classifier\Classifier.csproj", "{C60E5DE1-3E28-4B10-9241-7D8B6F70D859}"
EndProject
Project("{FAE04EC0-301F-11D3-BF4B-00C04F79EFBC}") = "GarbageCollector", "GarbageCollector\GarbageCollector.csproj", "{E7D5517C-7382-4624-8572-76E88828497D}"
EndProject
Global
	GlobalSection(SolutionConfigurationPlatforms) = preSolution
		Debug|Any CPU = Debug|Any CPU
		Release|Any CPU = Release|Any CPU
	EndGlobalSection
	GlobalSection(ProjectConfigurationPlatforms) = postSolution
		{9E5BD81C-102E-4F2E-B83A-457076F6F5DD}.Debug|Any CPU.ActiveCfg = Debug|Any CPU
		{9E5BD81C-102E-4F2E-B83A-457076F6F5DD}.Debug|Any CPU.Build.0 = Debug|Any CPU
		{9E5BD81C-102E-4F2E-B83A-457076F6F5DD}.Debug|Any CPU.Deploy.0 = Debug|Any CPU
		{9E5BD81C-102E-4F2E-B83A-457076F6F5DD}.Release|Any CPU.ActiveCfg = Release|Any CPU
		{9E5BD81C-102E-4F2E-B83A-457076F6F5DD}.Release|Any CPU.Build.0 = Release|Any CPU
		{4DAB4949-37A2-4334-9034-432AC79CC53C}.Debug|Any CPU.ActiveCfg = Debug|Any CPU
		{4DAB4949-37A2-4334-9034-432AC79CC53C}.Debug|Any CPU.Build.0 = Debug|Any CPU
		{4DAB4949-37A2-4334-9034-432AC79CC53C}.Debug|Any CPU.Deploy.0 = Debug|Any CPU
		{4DAB4949-37A2-4334-9034-432AC79CC53C}.Release|Any CPU.ActiveCfg = Release|Any CPU
		{4DAB4949-37A2-4334-9034-432AC79CC53C}.Release|Any CPU.Build.0 = Release|Any CPU
		{C60E5DE1-3E28-4B10-9241-7D8B6F70D859}.Debug|Any CPU.ActiveCfg = Debug|Any CPU
		{C60E5DE1-3E28-4B10-9241-7D8B6F70D859}.Debug|Any CPU.Build.0 = Debug|Any CPU
		{C60E5DE1-3E28-4B10-9241-7D8B6F70D859}.Release|Any CPU.ActiveCfg = Release|Any CPU
		{C60E5DE1-3E28-4B10-9241-7D8B6F70D859}.Release|Any CPU.Build.0 = Release|Any CPU
		{C60E5DE1-3E28-4B10-9241-7D8B6F70D859}.Release|Any CPU.Deploy.0 = Release|Any CPU
		{E7D5517C-7382-4624-8572-76E88828497D}.Debug|Any CPU.ActiveCfg = Debug|Any CPU
		{E7D5517C-7382-4624-8572-76E88828497D}.Debug|Any CPU.Build.0 = Debug|Any CPU
		{E7D5517C-7382-4624-8572-76E88828497D}.Debug|Any CPU.Deploy.0 = Debug|Any CPU
		{E7D5517C-7382-4624-8572-76E88828497D}.Release|Any CPU.ActiveCfg = Release|Any CPU
		{E7D5517C-7382-4624-8572-76E88828497D}.Release|Any CPU.Build.0 = Release|Any CPU
		{E7D5517C-7382-4624-8572-76E88828497D}.Release|Any CPU.Deploy.0 = Release|Any CPU
	EndGlobalSection
	GlobalSection(SolutionProperties) = preSolution
		HideSolutionNode = FALSE
	EndGlobalSection
EndGlobal
